
Microsoft Visual Studio Solution File, Format Version 12.00
# Visual Studio Version 16
VisualStudioVersion = 16.0.30711.63
MinimumVisualStudioVersion = 10.0.40219.1
Project("{2150E333-8FDC-42A3-9474-1A3956D46DE8}") = "src", "src", "{60988244-6FAA-4660-BEFE-B2F15F48E290}"
EndProject
Project("{2150E333-8FDC-42A3-9474-1A3956D46DE8}") = "RayeroWeb", "RayeroWeb", "{8B75F6AF-472F-4B29-AAF3-AAB106705A92}"
EndProject
Project("{9A19103F-16F7-4668-BE54-9A1E7A4F7556}") = "Rayero.web", "Rayero.web\Rayero.web.csproj", "{8F80CCD6-2364-4C46-87E8-3FD5DDC88C2E}"
EndProject
Project("{2150E333-8FDC-42A3-9474-1A3956D46DE8}") = "Order", "Order", "{D8158DA4-5C3D-40E9-B67D-DA3045B385BE}"
EndProject
Project("{9A19103F-16F7-4668-BE54-9A1E7A4F7556}") = "Order.Api", "Order.Api\Order.Api.csproj", "{22B07A40-2D09-49F3-B7AD-74AD2D4DAC02}"
EndProject
Project("{2150E333-8FDC-42A3-9474-1A3956D46DE8}") = "IdentityApi", "IdentityApi", "{7C37F35F-FAC9-4E5B-AD8E-203488FCBF19}"
EndProject
Project("{9A19103F-16F7-4668-BE54-9A1E7A4F7556}") = "Identity.Api", "Identity.Api\Identity.Api.csproj", "{4F379F52-41F2-4949-B799-8560764B1DBA}"
EndProject
Project("{2150E333-8FDC-42A3-9474-1A3956D46DE8}") = "GatewayWebApi", "GatewayWebApi", "{513C11E3-FFD2-49CD-8D99-7DB83F58F56A}"
EndProject
Project("{9A19103F-16F7-4668-BE54-9A1E7A4F7556}") = "Api.Gateway", "Api.Gateway\Api.Gateway.csproj", "{5CE6CD33-D409-494D-80CD-202143F878F2}"
EndProject
Project("{2150E333-8FDC-42A3-9474-1A3956D46DE8}") = "Products", "Products", "{71645ABE-1E9D-4AE7-9F88-DD1DAEEC5D78}"
EndProject
Project("{9A19103F-16F7-4668-BE54-9A1E7A4F7556}") = "Product.Api", "Product.Api\Product.Api.csproj", "{0EE02403-7793-47F1-8B5C-F68BE278B295}"
EndProject
Project("{2150E333-8FDC-42A3-9474-1A3956D46DE8}") = "Kafka", "Kafka", "{67354907-155C-442A-8B7D-27F205EE31D4}"
EndProject
Project("{9A19103F-16F7-4668-BE54-9A1E7A4F7556}") = "kafka.Data", "kafka.Data\kafka.Data.csproj", "{BE113FFD-6101-42A0-BC5A-90C2B8428A7E}"
EndProject
Project("{2150E333-8FDC-42A3-9474-1A3956D46DE8}") = "Rabitmq", "Rabitmq", "{DC711A42-0B89-4BEE-9CA6-3FF9ADE38094}"
EndProject
Project("{9A19103F-16F7-4668-BE54-9A1E7A4F7556}") = "raitmq.api", "raitmq.api\raitmq.api.csproj", "{05863B5F-3028-429B-8303-0EDF5C276FD3}"
EndProject
Global
	GlobalSection(SolutionConfigurationPlatforms) = preSolution
		Debug|Any CPU = Debug|Any CPU
		Release|Any CPU = Release|Any CPU
	EndGlobalSection
	GlobalSection(ProjectConfigurationPlatforms) = postSolution
		{8F80CCD6-2364-4C46-87E8-3FD5DDC88C2E}.Debug|Any CPU.ActiveCfg = Debug|Any CPU
		{8F80CCD6-2364-4C46-87E8-3FD5DDC88C2E}.Debug|Any CPU.Build.0 = Debug|Any CPU
		{8F80CCD6-2364-4C46-87E8-3FD5DDC88C2E}.Release|Any CPU.ActiveCfg = Release|Any CPU
		{8F80CCD6-2364-4C46-87E8-3FD5DDC88C2E}.Release|Any CPU.Build.0 = Release|Any CPU
		{22B07A40-2D09-49F3-B7AD-74AD2D4DAC02}.Debug|Any CPU.ActiveCfg = Debug|Any CPU
		{22B07A40-2D09-49F3-B7AD-74AD2D4DAC02}.Debug|Any CPU.Build.0 = Debug|Any CPU
		{22B07A40-2D09-49F3-B7AD-74AD2D4DAC02}.Release|Any CPU.ActiveCfg = Release|Any CPU
		{22B07A40-2D09-49F3-B7AD-74AD2D4DAC02}.Release|Any CPU.Build.0 = Release|Any CPU
		{4F379F52-41F2-4949-B799-8560764B1DBA}.Debug|Any CPU.ActiveCfg = Debug|Any CPU
		{4F379F52-41F2-4949-B799-8560764B1DBA}.Debug|Any CPU.Build.0 = Debug|Any CPU
		{4F379F52-41F2-4949-B799-8560764B1DBA}.Release|Any CPU.ActiveCfg = Release|Any CPU
		{4F379F52-41F2-4949-B799-8560764B1DBA}.Release|Any CPU.Build.0 = Release|Any CPU
		{5CE6CD33-D409-494D-80CD-202143F878F2}.Debug|Any CPU.ActiveCfg = Debug|Any CPU
		{5CE6CD33-D409-494D-80CD-202143F878F2}.Debug|Any CPU.Build.0 = Debug|Any CPU
		{5CE6CD33-D409-494D-80CD-202143F878F2}.Release|Any CPU.ActiveCfg = Release|Any CPU
		{5CE6CD33-D409-494D-80CD-202143F878F2}.Release|Any CPU.Build.0 = Release|Any CPU
		{0EE02403-7793-47F1-8B5C-F68BE278B295}.Debug|Any CPU.ActiveCfg = Debug|Any CPU
		{0EE02403-7793-47F1-8B5C-F68BE278B295}.Debug|Any CPU.Build.0 = Debug|Any CPU
		{0EE02403-7793-47F1-8B5C-F68BE278B295}.Release|Any CPU.ActiveCfg = Release|Any CPU
		{0EE02403-7793-47F1-8B5C-F68BE278B295}.Release|Any CPU.Build.0 = Release|Any CPU
		{BE113FFD-6101-42A0-BC5A-90C2B8428A7E}.Debug|Any CPU.ActiveCfg = Debug|Any CPU
		{BE113FFD-6101-42A0-BC5A-90C2B8428A7E}.Debug|Any CPU.Build.0 = Debug|Any CPU
		{BE113FFD-6101-42A0-BC5A-90C2B8428A7E}.Release|Any CPU.ActiveCfg = Release|Any CPU
		{BE113FFD-6101-42A0-BC5A-90C2B8428A7E}.Release|Any CPU.Build.0 = Release|Any CPU
		{05863B5F-3028-429B-8303-0EDF5C276FD3}.Debug|Any CPU.ActiveCfg = Debug|Any CPU
		{05863B5F-3028-429B-8303-0EDF5C276FD3}.Debug|Any CPU.Build.0 = Debug|Any CPU
		{05863B5F-3028-429B-8303-0EDF5C276FD3}.Release|Any CPU.ActiveCfg = Release|Any CPU
		{05863B5F-3028-429B-8303-0EDF5C276FD3}.Release|Any CPU.Build.0 = Release|Any CPU
	EndGlobalSection
	GlobalSection(SolutionProperties) = preSolution
		HideSolutionNode = FALSE
	EndGlobalSection
	GlobalSection(NestedProjects) = preSolution
		{8B75F6AF-472F-4B29-AAF3-AAB106705A92} = {60988244-6FAA-4660-BEFE-B2F15F48E290}
		{8F80CCD6-2364-4C46-87E8-3FD5DDC88C2E} = {8B75F6AF-472F-4B29-AAF3-AAB106705A92}
		{D8158DA4-5C3D-40E9-B67D-DA3045B385BE} = {60988244-6FAA-4660-BEFE-B2F15F48E290}
		{22B07A40-2D09-49F3-B7AD-74AD2D4DAC02} = {D8158DA4-5C3D-40E9-B67D-DA3045B385BE}
		{7C37F35F-FAC9-4E5B-AD8E-203488FCBF19} = {60988244-6FAA-4660-BEFE-B2F15F48E290}
		{4F379F52-41F2-4949-B799-8560764B1DBA} = {7C37F35F-FAC9-4E5B-AD8E-203488FCBF19}
		{513C11E3-FFD2-49CD-8D99-7DB83F58F56A} = {60988244-6FAA-4660-BEFE-B2F15F48E290}
		{5CE6CD33-D409-494D-80CD-202143F878F2} = {513C11E3-FFD2-49CD-8D99-7DB83F58F56A}
		{71645ABE-1E9D-4AE7-9F88-DD1DAEEC5D78} = {60988244-6FAA-4660-BEFE-B2F15F48E290}
		{0EE02403-7793-47F1-8B5C-F68BE278B295} = {71645ABE-1E9D-4AE7-9F88-DD1DAEEC5D78}
		{67354907-155C-442A-8B7D-27F205EE31D4} = {60988244-6FAA-4660-BEFE-B2F15F48E290}
		{BE113FFD-6101-42A0-BC5A-90C2B8428A7E} = {67354907-155C-442A-8B7D-27F205EE31D4}
		{DC711A42-0B89-4BEE-9CA6-3FF9ADE38094} = {60988244-6FAA-4660-BEFE-B2F15F48E290}
		{05863B5F-3028-429B-8303-0EDF5C276FD3} = {DC711A42-0B89-4BEE-9CA6-3FF9ADE38094}
	EndGlobalSection
	GlobalSection(ExtensibilityGlobals) = postSolution
		SolutionGuid = {350943D1-6B3D-4A64-BF5D-365E7251BFB0}
	EndGlobalSection
EndGlobal
